// !$*UTF8*$!
{
	archiveVersion = 1;
	classes = {
	};
	objectVersion = 56;
	objects = {

/* Begin PBXBuildFile section */
		DA52896D2A25C6C0001156D7 /* AppDelegate.swift in Sources */ = {isa = PBXBuildFile; fileRef = DA52896C2A25C6C0001156D7 /* AppDelegate.swift */; };
		DA52896F2A25C6C0001156D7 /* SceneDelegate.swift in Sources */ = {isa = PBXBuildFile; fileRef = DA52896E2A25C6C0001156D7 /* SceneDelegate.swift */; };
		DA5289762A25C6C1001156D7 /* Assets.xcassets in Resources */ = {isa = PBXBuildFile; fileRef = DA5289752A25C6C1001156D7 /* Assets.xcassets */; };
		DA5289792A25C6C1001156D7 /* LaunchScreen.storyboard in Resources */ = {isa = PBXBuildFile; fileRef = DA5289772A25C6C1001156D7 /* LaunchScreen.storyboard */; };
		DA5289822A25C818001156D7 /* RxCocoa in Frameworks */ = {isa = PBXBuildFile; productRef = DA5289812A25C818001156D7 /* RxCocoa */; };
		DA5289842A25C818001156D7 /* RxRelay in Frameworks */ = {isa = PBXBuildFile; productRef = DA5289832A25C818001156D7 /* RxRelay */; };
		DA5289862A25C818001156D7 /* RxSwift in Frameworks */ = {isa = PBXBuildFile; productRef = DA5289852A25C818001156D7 /* RxSwift */; };
		DA5289892A25C852001156D7 /* Kingfisher in Frameworks */ = {isa = PBXBuildFile; productRef = DA5289882A25C852001156D7 /* Kingfisher */; };
		DA52898C2A25C866001156D7 /* SnapKit in Frameworks */ = {isa = PBXBuildFile; productRef = DA52898B2A25C866001156D7 /* SnapKit */; };
		DA52898E2A25C946001156D7 /* MainViewController.swift in Sources */ = {isa = PBXBuildFile; fileRef = DA52898D2A25C946001156D7 /* MainViewController.swift */; };
		DA5289902A25CC78001156D7 /* SaerchBar.swift in Sources */ = {isa = PBXBuildFile; fileRef = DA52898F2A25CC78001156D7 /* SaerchBar.swift */; };
		DA5289922A25D1DD001156D7 /* FilterView.swift in Sources */ = {isa = PBXBuildFile; fileRef = DA5289912A25D1DD001156D7 /* FilterView.swift */; };
/* End PBXBuildFile section */

/* Begin PBXFileReference section */
		DA5289692A25C6C0001156D7 /* SearchDaumBlogApp.app */ = {isa = PBXFileReference; explicitFileType = wrapper.application; includeInIndex = 0; path = SearchDaumBlogApp.app; sourceTree = BUILT_PRODUCTS_DIR; };
		DA52896C2A25C6C0001156D7 /* AppDelegate.swift */ = {isa = PBXFileReference; lastKnownFileType = sourcecode.swift; path = AppDelegate.swift; sourceTree = "<group>"; };
		DA52896E2A25C6C0001156D7 /* SceneDelegate.swift */ = {isa = PBXFileReference; lastKnownFileType = sourcecode.swift; path = SceneDelegate.swift; sourceTree = "<group>"; };
		DA5289752A25C6C1001156D7 /* Assets.xcassets */ = {isa = PBXFileReference; lastKnownFileType = folder.assetcatalog; path = Assets.xcassets; sourceTree = "<group>"; };
		DA5289782A25C6C1001156D7 /* Base */ = {isa = PBXFileReference; lastKnownFileType = file.storyboard; name = Base; path = Base.lproj/LaunchScreen.storyboard; sourceTree = "<group>"; };
		DA52897A2A25C6C1001156D7 /* Info.plist */ = {isa = PBXFileReference; lastKnownFileType = text.plist.xml; path = Info.plist; sourceTree = "<group>"; };
		DA52898D2A25C946001156D7 /* MainViewController.swift */ = {isa = PBXFileReference; lastKnownFileType = sourcecode.swift; path = MainViewController.swift; sourceTree = "<group>"; };
		DA52898F2A25CC78001156D7 /* SaerchBar.swift */ = {isa = PBXFileReference; lastKnownFileType = sourcecode.swift; path = SaerchBar.swift; sourceTree = "<group>"; };
		DA5289912A25D1DD001156D7 /* FilterView.swift */ = {isa = PBXFileReference; lastKnownFileType = sourcecode.swift; path = FilterView.swift; sourceTree = "<group>"; };
/* End PBXFileReference section */

/* Begin PBXFrameworksBuildPhase section */
		DA5289662A25C6C0001156D7 /* Frameworks */ = {
			isa = PBXFrameworksBuildPhase;
			buildActionMask = 2147483647;
			files = (
				DA5289892A25C852001156D7 /* Kingfisher in Frameworks */,
				DA5289862A25C818001156D7 /* RxSwift in Frameworks */,
				DA5289842A25C818001156D7 /* RxRelay in Frameworks */,
				DA5289822A25C818001156D7 /* RxCocoa in Frameworks */,
				DA52898C2A25C866001156D7 /* SnapKit in Frameworks */,
			);
			runOnlyForDeploymentPostprocessing = 0;
		};
/* End PBXFrameworksBuildPhase section */

/* Begin PBXGroup section */
		DA5289602A25C6C0001156D7 = {
			isa = PBXGroup;
			children = (
				DA52896B2A25C6C0001156D7 /* SearchDaumBlogApp */,
				DA52896A2A25C6C0001156D7 /* Products */,
			);
			sourceTree = "<group>";
		};
		DA52896A2A25C6C0001156D7 /* Products */ = {
			isa = PBXGroup;
			children = (
				DA5289692A25C6C0001156D7 /* SearchDaumBlogApp.app */,
			);
			name = Products;
			sourceTree = "<group>";
		};
		DA52896B2A25C6C0001156D7 /* SearchDaumBlogApp */ = {
			isa = PBXGroup;
			children = (
				DA52896C2A25C6C0001156D7 /* AppDelegate.swift */,
				DA52896E2A25C6C0001156D7 /* SceneDelegate.swift */,
				DA5289752A25C6C1001156D7 /* Assets.xcassets */,
				DA5289772A25C6C1001156D7 /* LaunchScreen.storyboard */,
				DA52897A2A25C6C1001156D7 /* Info.plist */,
				DA52898D2A25C946001156D7 /* MainViewController.swift */,
				DA52898F2A25CC78001156D7 /* SaerchBar.swift */,
				DA5289912A25D1DD001156D7 /* FilterView.swift */,
			);
			path = SearchDaumBlogApp;
			sourceTree = "<group>";
		};
/* End PBXGroup section */

/* Begin PBXNativeTarget section */
		DA5289682A25C6C0001156D7 /* SearchDaumBlogApp */ = {
			isa = PBXNativeTarget;
			buildConfigurationList = DA52897D2A25C6C1001156D7 /* Build configuration list for PBXNativeTarget "SearchDaumBlogApp" */;
			buildPhases = (
				DA5289652A25C6C0001156D7 /* Sources */,
				DA5289662A25C6C0001156D7 /* Frameworks */,
				DA5289672A25C6C0001156D7 /* Resources */,
			);
			buildRules = (
			);
			dependencies = (
			);
			name = SearchDaumBlogApp;
			packageProductDependencies = (
				DA5289812A25C818001156D7 /* RxCocoa */,
				DA5289832A25C818001156D7 /* RxRelay */,
				DA5289852A25C818001156D7 /* RxSwift */,
				DA5289882A25C852001156D7 /* Kingfisher */,
				DA52898B2A25C866001156D7 /* SnapKit */,
			);
			productName = SearchDaumBlogApp;
			productReference = DA5289692A25C6C0001156D7 /* SearchDaumBlogApp.app */;
			productType = "com.apple.product-type.application";
		};
/* End PBXNativeTarget section */

/* Begin PBXProject section */
		DA5289612A25C6C0001156D7 /* Project object */ = {
			isa = PBXProject;
			attributes = {
				BuildIndependentTargetsInParallel = 1;
				LastSwiftUpdateCheck = 1430;
				LastUpgradeCheck = 1430;
				TargetAttributes = {
					DA5289682A25C6C0001156D7 = {
						CreatedOnToolsVersion = 14.3;
					};
				};
			};
			buildConfigurationList = DA5289642A25C6C0001156D7 /* Build configuration list for PBXProject "SearchDaumBlogApp" */;
			compatibilityVersion = "Xcode 14.0";
			developmentRegion = en;
			hasScannedForEncodings = 0;
			knownRegions = (
				en,
				Base,
			);
			mainGroup = DA5289602A25C6C0001156D7;
			packageReferences = (
				DA5289802A25C818001156D7 /* XCRemoteSwiftPackageReference "RxSwift" */,
				DA5289872A25C852001156D7 /* XCRemoteSwiftPackageReference "Kingfisher" */,
				DA52898A2A25C866001156D7 /* XCRemoteSwiftPackageReference "SnapKit" */,
			);
			productRefGroup = DA52896A2A25C6C0001156D7 /* Products */;
			projectDirPath = "";
			projectRoot = "";
			targets = (
				DA5289682A25C6C0001156D7 /* SearchDaumBlogApp */,
			);
		};
/* End PBXProject section */

/* Begin PBXResourcesBuildPhase section */
		DA5289672A25C6C0001156D7 /* Resources */ = {
			isa = PBXResourcesBuildPhase;
			buildActionMask = 2147483647;
			files = (
				DA5289792A25C6C1001156D7 /* LaunchScreen.storyboard in Resources */,
				DA5289762A25C6C1001156D7 /* Assets.xcassets in Resources */,
			);
			runOnlyForDeploymentPostprocessing = 0;
		};
/* End PBXResourcesBuildPhase section */

/* Begin PBXSourcesBuildPhase section */
		DA5289652A25C6C0001156D7 /* Sources */ = {
			isa = PBXSourcesBuildPhase;
			buildActionMask = 2147483647;
			files = (
				DA52898E2A25C946001156D7 /* MainViewController.swift in Sources */,
				DA5289902A25CC78001156D7 /* SaerchBar.swift in Sources */,
				DA52896D2A25C6C0001156D7 /* AppDelegate.swift in Sources */,
				DA5289922A25D1DD001156D7 /* FilterView.swift in Sources */,
				DA52896F2A25C6C0001156D7 /* SceneDelegate.swift in Sources */,
			);
			runOnlyForDeploymentPostprocessing = 0;
		};
/* End PBXSourcesBuildPhase section */

/* Begin PBXVariantGroup section */
		DA5289772A25C6C1001156D7 /* LaunchScreen.storyboard */ = {
			isa = PBXVariantGroup;
			children = (
				DA5289782A25C6C1001156D7 /* Base */,
			);
			name = LaunchScreen.storyboard;
			sourceTree = "<group>";
		};
/* End PBXVariantGroup section */

/* Begin XCBuildConfiguration section */
		DA52897B2A25C6C1001156D7 /* Debug */ = {
			isa = XCBuildConfiguration;
			buildSettings = {
				ALWAYS_SEARCH_USER_PATHS = NO;
				CLANG_ANALYZER_NONNULL = YES;
				CLANG_ANALYZER_NUMBER_OBJECT_CONVERSION = YES_AGGRESSIVE;
				CLANG_CXX_LANGUAGE_STANDARD = "gnu++20";
				CLANG_ENABLE_MODULES = YES;
				CLANG_ENABLE_OBJC_ARC = YES;
				CLANG_ENABLE_OBJC_WEAK = YES;
				CLANG_WARN_BLOCK_CAPTURE_AUTORELEASING = YES;
				CLANG_WARN_BOOL_CONVERSION = YES;
				CLANG_WARN_COMMA = YES;
				CLANG_WARN_CONSTANT_CONVERSION = YES;
				CLANG_WARN_DEPRECATED_OBJC_IMPLEMENTATIONS = YES;
				CLANG_WARN_DIRECT_OBJC_ISA_USAGE = YES_ERROR;
				CLANG_WARN_DOCUMENTATION_COMMENTS = YES;
				CLANG_WARN_EMPTY_BODY = YES;
				CLANG_WARN_ENUM_CONVERSION = YES;
				CLANG_WARN_INFINITE_RECURSION = YES;
				CLANG_WARN_INT_CONVERSION = YES;
				CLANG_WARN_NON_LITERAL_NULL_CONVERSION = YES;
				CLANG_WARN_OBJC_IMPLICIT_RETAIN_SELF = YES;
				CLANG_WARN_OBJC_LITERAL_CONVERSION = YES;
				CLANG_WARN_OBJC_ROOT_CLASS = YES_ERROR;
				CLANG_WARN_QUOTED_INCLUDE_IN_FRAMEWORK_HEADER = YES;
				CLANG_WARN_RANGE_LOOP_ANALYSIS = YES;
				CLANG_WARN_STRICT_PROTOTYPES = YES;
				CLANG_WARN_SUSPICIOUS_MOVE = YES;
				CLANG_WARN_UNGUARDED_AVAILABILITY = YES_AGGRESSIVE;
				CLANG_WARN_UNREACHABLE_CODE = YES;
				CLANG_WARN__DUPLICATE_METHOD_MATCH = YES;
				COPY_PHASE_STRIP = NO;
				DEBUG_INFORMATION_FORMAT = dwarf;
				ENABLE_STRICT_OBJC_MSGSEND = YES;
				ENABLE_TESTABILITY = YES;
				GCC_C_LANGUAGE_STANDARD = gnu11;
				GCC_DYNAMIC_NO_PIC = NO;
				GCC_NO_COMMON_BLOCKS = YES;
				GCC_OPTIMIZATION_LEVEL = 0;
				GCC_PREPROCESSOR_DEFINITIONS = (
					"DEBUG=1",
					"$(inherited)",
				);
				GCC_WARN_64_TO_32_BIT_CONVERSION = YES;
				GCC_WARN_ABOUT_RETURN_TYPE = YES_ERROR;
				GCC_WARN_UNDECLARED_SELECTOR = YES;
				GCC_WARN_UNINITIALIZED_AUTOS = YES_AGGRESSIVE;
				GCC_WARN_UNUSED_FUNCTION = YES;
				GCC_WARN_UNUSED_VARIABLE = YES;
				IPHONEOS_DEPLOYMENT_TARGET = 16.4;
				MTL_ENABLE_DEBUG_INFO = INCLUDE_SOURCE;
				MTL_FAST_MATH = YES;
				ONLY_ACTIVE_ARCH = YES;
				SDKROOT = iphoneos;
				SWIFT_ACTIVE_COMPILATION_CONDITIONS = DEBUG;
				SWIFT_OPTIMIZATION_LEVEL = "-Onone";
			};
			name = Debug;
		};
		DA52897C2A25C6C1001156D7 /* Release */ = {
			isa = XCBuildConfiguration;
			buildSettings = {
				ALWAYS_SEARCH_USER_PATHS = NO;
				CLANG_ANALYZER_NONNULL = YES;
				CLANG_ANALYZER_NUMBER_OBJECT_CONVERSION = YES_AGGRESSIVE;
				CLANG_CXX_LANGUAGE_STANDARD = "gnu++20";
				CLANG_ENABLE_MODULES = YES;
				CLANG_ENABLE_OBJC_ARC = YES;
				CLANG_ENABLE_OBJC_WEAK = YES;
				CLANG_WARN_BLOCK_CAPTURE_AUTORELEASING = YES;
				CLANG_WARN_BOOL_CONVERSION = YES;
				CLANG_WARN_COMMA = YES;
				CLANG_WARN_CONSTANT_CONVERSION = YES;
				CLANG_WARN_DEPRECATED_OBJC_IMPLEMENTATIONS = YES;
				CLANG_WARN_DIRECT_OBJC_ISA_USAGE = YES_ERROR;
				CLANG_WARN_DOCUMENTATION_COMMENTS = YES;
				CLANG_WARN_EMPTY_BODY = YES;
				CLANG_WARN_ENUM_CONVERSION = YES;
				CLANG_WARN_INFINITE_RECURSION = YES;
				CLANG_WARN_INT_CONVERSION = YES;
				CLANG_WARN_NON_LITERAL_NULL_CONVERSION = YES;
				CLANG_WARN_OBJC_IMPLICIT_RETAIN_SELF = YES;
				CLANG_WARN_OBJC_LITERAL_CONVERSION = YES;
				CLANG_WARN_OBJC_ROOT_CLASS = YES_ERROR;
				CLANG_WARN_QUOTED_INCLUDE_IN_FRAMEWORK_HEADER = YES;
				CLANG_WARN_RANGE_LOOP_ANALYSIS = YES;
				CLANG_WARN_STRICT_PROTOTYPES = YES;
				CLANG_WARN_SUSPICIOUS_MOVE = YES;
				CLANG_WARN_UNGUARDED_AVAILABILITY = YES_AGGRESSIVE;
				CLANG_WARN_UNREACHABLE_CODE = YES;
				CLANG_WARN__DUPLICATE_METHOD_MATCH = YES;
				COPY_PHASE_STRIP = NO;
				DEBUG_INFORMATION_FORMAT = "dwarf-with-dsym";
				ENABLE_NS_ASSERTIONS = NO;
				ENABLE_STRICT_OBJC_MSGSEND = YES;
				GCC_C_LANGUAGE_STANDARD = gnu11;
				GCC_NO_COMMON_BLOCKS = YES;
				GCC_WARN_64_TO_32_BIT_CONVERSION = YES;
				GCC_WARN_ABOUT_RETURN_TYPE = YES_ERROR;
				GCC_WARN_UNDECLARED_SELECTOR = YES;
				GCC_WARN_UNINITIALIZED_AUTOS = YES_AGGRESSIVE;
				GCC_WARN_UNUSED_FUNCTION = YES;
				GCC_WARN_UNUSED_VARIABLE = YES;
				IPHONEOS_DEPLOYMENT_TARGET = 16.4;
				MTL_ENABLE_DEBUG_INFO = NO;
				MTL_FAST_MATH = YES;
				SDKROOT = iphoneos;
				SWIFT_COMPILATION_MODE = wholemodule;
				SWIFT_OPTIMIZATION_LEVEL = "-O";
				VALIDATE_PRODUCT = YES;
			};
			name = Release;
		};
		DA52897E2A25C6C1001156D7 /* Debug */ = {
			isa = XCBuildConfiguration;
			buildSettings = {
				ASSETCATALOG_COMPILER_APPICON_NAME = AppIcon;
				ASSETCATALOG_COMPILER_GLOBAL_ACCENT_COLOR_NAME = AccentColor;
				CODE_SIGN_STYLE = Automatic;
				CURRENT_PROJECT_VERSION = 1;
				DEVELOPMENT_TEAM = 839W2CPX46;
				GENERATE_INFOPLIST_FILE = YES;
				INFOPLIST_FILE = SearchDaumBlogApp/Info.plist;
				INFOPLIST_KEY_UIApplicationSupportsIndirectInputEvents = YES;
				INFOPLIST_KEY_UILaunchStoryboardName = LaunchScreen;
				INFOPLIST_KEY_UIMainStoryboardFile = Main;
				INFOPLIST_KEY_UISupportedInterfaceOrientations_iPad = "UIInterfaceOrientationPortrait UIInterfaceOrientationPortraitUpsideDown UIInterfaceOrientationLandscapeLeft UIInterfaceOrientationLandscapeRight";
				INFOPLIST_KEY_UISupportedInterfaceOrientations_iPhone = "UIInterfaceOrientationPortrait UIInterfaceOrientationLandscapeLeft UIInterfaceOrientationLandscapeRight";
				IPHONEOS_DEPLOYMENT_TARGET = 16.3;
				LD_RUNPATH_SEARCH_PATHS = (
					"$(inherited)",
					"@executable_path/Frameworks",
				);
				MARKETING_VERSION = 1.0;
				PRODUCT_BUNDLE_IDENTIFIER = com.example.SearchDaumBlogApp;
				PRODUCT_NAME = "$(TARGET_NAME)";
				SWIFT_EMIT_LOC_STRINGS = YES;
				SWIFT_VERSION = 5.0;
				TARGETED_DEVICE_FAMILY = "1,2";
			};
			name = Debug;
		};
		DA52897F2A25C6C1001156D7 /* Release */ = {
			isa = XCBuildConfiguration;
			buildSettings = {
				ASSETCATALOG_COMPILER_APPICON_NAME = AppIcon;
				ASSETCATALOG_COMPILER_GLOBAL_ACCENT_COLOR_NAME = AccentColor;
				CODE_SIGN_STYLE = Automatic;
				CURRENT_PROJECT_VERSION = 1;
				DEVELOPMENT_TEAM = 839W2CPX46;
				GENERATE_INFOPLIST_FILE = YES;
				INFOPLIST_FILE = SearchDaumBlogApp/Info.plist;
				INFOPLIST_KEY_UIApplicationSupportsIndirectInputEvents = YES;
				INFOPLIST_KEY_UILaunchStoryboardName = LaunchScreen;
				INFOPLIST_KEY_UIMainStoryboardFile = Main;
				INFOPLIST_KEY_UISupportedInterfaceOrientations_iPad = "UIInterfaceOrientationPortrait UIInterfaceOrientationPortraitUpsideDown UIInterfaceOrientationLandscapeLeft UIInterfaceOrientationLandscapeRight";
				INFOPLIST_KEY_UISupportedInterfaceOrientations_iPhone = "UIInterfaceOrientationPortrait UIInterfaceOrientationLandscapeLeft UIInterfaceOrientationLandscapeRight";
				IPHONEOS_DEPLOYMENT_TARGET = 16.3;
				LD_RUNPATH_SEARCH_PATHS = (
					"$(inherited)",
					"@executable_path/Frameworks",
				);
				MARKETING_VERSION = 1.0;
				PRODUCT_BUNDLE_IDENTIFIER = com.example.SearchDaumBlogApp;
				PRODUCT_NAME = "$(TARGET_NAME)";
				SWIFT_EMIT_LOC_STRINGS = YES;
				SWIFT_VERSION = 5.0;
				TARGETED_DEVICE_FAMILY = "1,2";
			};
			name = Release;
		};
/* End XCBuildConfiguration section */

/* Begin XCConfigurationList section */
		DA5289642A25C6C0001156D7 /* Build configuration list for PBXProject "SearchDaumBlogApp" */ = {
			isa = XCConfigurationList;
			buildConfigurations = (
				DA52897B2A25C6C1001156D7 /* Debug */,
				DA52897C2A25C6C1001156D7 /* Release */,
			);
			defaultConfigurationIsVisible = 0;
			defaultConfigurationName = Release;
		};
		DA52897D2A25C6C1001156D7 /* Build configuration list for PBXNativeTarget "SearchDaumBlogApp" */ = {
			isa = XCConfigurationList;
			buildConfigurations = (
				DA52897E2A25C6C1001156D7 /* Debug */,
				DA52897F2A25C6C1001156D7 /* Release */,
			);
			defaultConfigurationIsVisible = 0;
			defaultConfigurationName = Release;
		};
/* End XCConfigurationList section */

/* Begin XCRemoteSwiftPackageReference section */
		DA5289802A25C818001156D7 /* XCRemoteSwiftPackageReference "RxSwift" */ = {
			isa = XCRemoteSwiftPackageReference;
			repositoryURL = "https://github.com/ReactiveX/RxSwift";
			requirement = {
				kind = upToNextMajorVersion;
				minimumVersion = 6.0.0;
			};
		};
		DA5289872A25C852001156D7 /* XCRemoteSwiftPackageReference "Kingfisher" */ = {
			isa = XCRemoteSwiftPackageReference;
			repositoryURL = "https://github.com/onevcat/Kingfisher";
			requirement = {
				kind = upToNextMajorVersion;
				minimumVersion = 7.0.0;
			};
		};
		DA52898A2A25C866001156D7 /* XCRemoteSwiftPackageReference "SnapKit" */ = {
			isa = XCRemoteSwiftPackageReference;
			repositoryURL = "https://github.com/SnapKit/SnapKit.git";
			requirement = {
				kind = upToNextMajorVersion;
				minimumVersion = 5.0.0;
			};
		};
/* End XCRemoteSwiftPackageReference section */

/* Begin XCSwiftPackageProductDependency section */
		DA5289812A25C818001156D7 /* RxCocoa */ = {
			isa = XCSwiftPackageProductDependency;
			package = DA5289802A25C818001156D7 /* XCRemoteSwiftPackageReference "RxSwift" */;
			productName = RxCocoa;
		};
		DA5289832A25C818001156D7 /* RxRelay */ = {
			isa = XCSwiftPackageProductDependency;
			package = DA5289802A25C818001156D7 /* XCRemoteSwiftPackageReference "RxSwift" */;
			productName = RxRelay;
		};
		DA5289852A25C818001156D7 /* RxSwift */ = {
			isa = XCSwiftPackageProductDependency;
			package = DA5289802A25C818001156D7 /* XCRemoteSwiftPackageReference "RxSwift" */;
			productName = RxSwift;
		};
		DA5289882A25C852001156D7 /* Kingfisher */ = {
			isa = XCSwiftPackageProductDependency;
			package = DA5289872A25C852001156D7 /* XCRemoteSwiftPackageReference "Kingfisher" */;
			productName = Kingfisher;
		};
		DA52898B2A25C866001156D7 /* SnapKit */ = {
			isa = XCSwiftPackageProductDependency;
			package = DA52898A2A25C866001156D7 /* XCRemoteSwiftPackageReference "SnapKit" */;
			productName = SnapKit;
		};
/* End XCSwiftPackageProductDependency section */
	};
	rootObject = DA5289612A25C6C0001156D7 /* Project object */;
}
